
Microsoft Visual Studio Solution File, Format Version 12.00
# Visual Studio Version 17
VisualStudioVersion = 17.9.34701.34
MinimumVisualStudioVersion = 10.0.40219.1
Project("{FAE04EC0-301F-11D3-BF4B-00C04F79EFBC}") = "AutorunManager", "AutorunManager\AutorunManager.csproj", "{EDE91902-66FF-4EB6-B396-455860456D77}"
EndProject
Global
	GlobalSection(SolutionConfigurationPlatforms) = preSolution
		Debug|Any CPU = Debug|Any CPU
		Release|Any CPU = Release|Any CPU
	EndGlobalSection
	GlobalSection(ProjectConfigurationPlatforms) = postSolution
		{EDE91902-66FF-4EB6-B396-455860456D77}.Debug|Any CPU.ActiveCfg = Debug|Any CPU
		{EDE91902-66FF-4EB6-B396-455860456D77}.Debug|Any CPU.Build.0 = Debug|Any CPU
		{EDE91902-66FF-4EB6-B396-455860456D77}.Release|Any CPU.ActiveCfg = Release|Any CPU
		{EDE91902-66FF-4EB6-B396-455860456D77}.Release|Any CPU.Build.0 = Release|Any CPU
	EndGlobalSection
	GlobalSection(SolutionProperties) = preSolution
		HideSolutionNode = FALSE
	EndGlobalSection
	GlobalSection(ExtensibilityGlobals) = postSolution
		SolutionGuid = {FDBE3185-73FD-480C-9E98-3DA33196B87B}
	EndGlobalSection
EndGlobal
